Microsoft Visual Studio Solution File, Format Version 12.00
# Visual Studio 15
VisualStudioVersion = 15.0.27130.2020
MinimumVisualStudioVersion = 10.0.40219.1
Project("{A07B5EB6-E848-4116-A8D0-A826331D98C6}") = "Carvana.AlgoContent.PackagesOptionsAPI.ServiceFabric", "Carvana.AlgoContent.PackagesOptionsAPI.ServiceFabric\Carvana.AlgoContent.PackagesOptionsAPI.ServiceFabric.sfproj", "{721876c4-7e80-4de9-b083-455666ee7fb7}"
EndProject
Project("{2150E333-8FDC-42A3-9474-1A3956D46DE8}") = "0 Environment", "0 Environment", "{4EC701DE-C1C2-47C8-9DDB-5D23F04C69A9}"
EndProject
Project("{2150E333-8FDC-42A3-9474-1A3956D46DE8}") = "Solution Items", "Solution Items", "{12E3FF5D-E8EB-474A-9992-6D26459B8BE4}"
	ProjectSection(SolutionItems) = preProject
		README.md = README.md
	EndProjectSection
EndProject
Global
	GlobalSection(SolutionConfigurationPlatforms) = preSolution
		Debug|Any CPU = Debug|Any CPU
		Debug|x64 = Debug|x64
		DEV|Any CPU = DEV|Any CPU
		DEV|x64 = DEV|x64
		PROD|Any CPU = PROD|Any CPU
		PROD|x64 = PROD|x64
		TEST|Any CPU = TEST|Any CPU
		TEST|x64 = TEST|x64
		UAT|Any CPU = UAT|Any CPU
		UAT|x64 = UAT|x64
	EndGlobalSection
	GlobalSection(ProjectConfigurationPlatforms) = postSolution
		{721876c4-7e80-4de9-b083-455666ee7fb7}.Debug|Any CPU.ActiveCfg = Debug|x64
		{721876c4-7e80-4de9-b083-455666ee7fb7}.Debug|Any CPU.Deploy.0 = Debug|x64
		{721876c4-7e80-4de9-b083-455666ee7fb7}.Debug|x64.ActiveCfg = Debug|x64
		{721876c4-7e80-4de9-b083-455666ee7fb7}.Debug|x64.Build.0 = Debug|x64
		{721876c4-7e80-4de9-b083-455666ee7fb7}.Debug|x64.Deploy.0 = Debug|x64
		{721876c4-7e80-4de9-b083-455666ee7fb7}.DEV|Any CPU.ActiveCfg = DEV|x64
		{721876c4-7e80-4de9-b083-455666ee7fb7}.DEV|x64.ActiveCfg = DEV|x64
		{721876c4-7e80-4de9-b083-455666ee7fb7}.DEV|x64.Build.0 = DEV|x64
		{721876c4-7e80-4de9-b083-455666ee7fb7}.DEV|x64.Deploy.0 = DEV|x64
		{721876c4-7e80-4de9-b083-455666ee7fb7}.PROD|Any CPU.ActiveCfg = PROD|x64
		{721876c4-7e80-4de9-b083-455666ee7fb7}.PROD|x64.ActiveCfg = PROD|x64
		{721876c4-7e80-4de9-b083-455666ee7fb7}.PROD|x64.Build.0 = PROD|x64
		{721876c4-7e80-4de9-b083-455666ee7fb7}.PROD|x64.Deploy.0 = PROD|x64
		{721876c4-7e80-4de9-b083-455666ee7fb7}.TEST|Any CPU.ActiveCfg = TEST|x64
		{721876c4-7e80-4de9-b083-455666ee7fb7}.TEST|x64.ActiveCfg = TEST|x64
		{721876c4-7e80-4de9-b083-455666ee7fb7}.TEST|x64.Build.0 = TEST|x64
		{721876c4-7e80-4de9-b083-455666ee7fb7}.TEST|x64.Deploy.0 = TEST|x64
		{721876c4-7e80-4de9-b083-455666ee7fb7}.UAT|Any CPU.ActiveCfg = UAT|x64
		{721876c4-7e80-4de9-b083-455666ee7fb7}.UAT|x64.ActiveCfg = UAT|x64
		{721876c4-7e80-4de9-b083-455666ee7fb7}.UAT|x64.Build.0 = UAT|x64
		{721876c4-7e80-4de9-b083-455666ee7fb7}.UAT|x64.Deploy.0 = UAT|x64
	EndGlobalSection
	GlobalSection(SolutionProperties) = preSolution
		HideSolutionNode = FALSE
	EndGlobalSection
	GlobalSection(NestedProjects) = preSolution
		{721876c4-7e80-4de9-b083-455666ee7fb7} = {4EC701DE-C1C2-47C8-9DDB-5D23F04C69A9}
	EndGlobalSection
	GlobalSection(ExtensibilityGlobals) = postSolution
		SolutionGuid = {380A2C42-B2B9-4C6E-92E5-72534057470D}
	EndGlobalSection
EndGlobal
